
Microsoft Visual Studio Solution File, Format Version 12.00
# Visual Studio 2013
VisualStudioVersion = 12.0.30501.0
MinimumVisualStudioVersion = 10.0.40219.1
Project("{8BC9CEB8-8B4A-11D0-8D11-00A0C91BC942}") = "Client", "Client\Client.vcxproj", "{D0E05991-9C3A-4D39-A215-A1970E802237}"
EndProject
Project("{8BC9CEB8-8B4A-11D0-8D11-00A0C91BC942}") = "Server", "Server\Server.vcxproj", "{62F67894-7AAC-4A91-8B41-CC5ED5928D1B}"
EndProject
Project("{8BC9CEB8-8B4A-11D0-8D11-00A0C91BC942}") = "ShapesTests", "ShapesTests\ShapesTests.vcxproj", "{4205DEF5-58AF-4FFC-A37D-7D62974511DF}"
EndProject
Global
	GlobalSection(SolutionConfigurationPlatforms) = preSolution
		Debug|Win32 = Debug|Win32
		Release|Win32 = Release|Win32
	EndGlobalSection
	GlobalSection(ProjectConfigurationPlatforms) = postSolution
		{D0E05991-9C3A-4D39-A215-A1970E802237}.Debug|Win32.ActiveCfg = Debug|Win32
		{D0E05991-9C3A-4D39-A215-A1970E802237}.Debug|Win32.Build.0 = Debug|Win32
		{D0E05991-9C3A-4D39-A215-A1970E802237}.Release|Win32.ActiveCfg = Release|Win32
		{D0E05991-9C3A-4D39-A215-A1970E802237}.Release|Win32.Build.0 = Release|Win32
		{62F67894-7AAC-4A91-8B41-CC5ED5928D1B}.Debug|Win32.ActiveCfg = Debug|Win32
		{62F67894-7AAC-4A91-8B41-CC5ED5928D1B}.Debug|Win32.Build.0 = Debug|Win32
		{62F67894-7AAC-4A91-8B41-CC5ED5928D1B}.Release|Win32.ActiveCfg = Release|Win32
		{62F67894-7AAC-4A91-8B41-CC5ED5928D1B}.Release|Win32.Build.0 = Release|Win32
		{4205DEF5-58AF-4FFC-A37D-7D62974511DF}.Debug|Win32.ActiveCfg = Debug|Win32
		{4205DEF5-58AF-4FFC-A37D-7D62974511DF}.Debug|Win32.Build.0 = Debug|Win32
		{4205DEF5-58AF-4FFC-A37D-7D62974511DF}.Release|Win32.ActiveCfg = Release|Win32
		{4205DEF5-58AF-4FFC-A37D-7D62974511DF}.Release|Win32.Build.0 = Release|Win32
	EndGlobalSection
	GlobalSection(SolutionProperties) = preSolution
		HideSolutionNode = FALSE
	EndGlobalSection
EndGlobal
